<?xml version="1.0" encoding="UTF-8" standalone="yes" ?>
<CodeBlocks_project_file>
	<FileVersion major="1" minor="6" />
	<Project>
		<Option title="Trabajo-2-" />
		<Option makefile="makefile" />
		<Option pch_mode="2" />
		<Option compiler="gcc" />
		<Build>
			<Target title="Debug">
				<Option output="bin/Debug/Trabajo-2-" prefix_auto="1" extension_auto="1" />
				<Option object_output="obj/Debug/" />
				<Option type="1" />
				<Option compiler="gcc" />
				<Compiler>
					<Add option="-g" />
				</Compiler>
			</Target>
			<Target title="Release">
				<Option output="bin/Release/Trabajo-2-" prefix_auto="1" extension_auto="1" />
				<Option object_output="obj/Release/" />
				<Option type="1" />
				<Option compiler="gcc" />
				<Compiler>
					<Add option="-O2" />
				</Compiler>
				<Linker>
					<Add option="-s" />
				</Linker>
			</Target>
		</Build>
		<Compiler>
			<Add option="-Wall" />
		</Compiler>
		<Unit filename="Alien.cpp" />
		<Unit filename="Alien.h" />
		<Unit filename="Bullet.cpp" />
		<Unit filename="Bullet.h" />
		<Unit filename="GLstuff.cpp" />
		<Unit filename="Invaders.cpp" />
		<Unit filename="Invaders.h" />
		<Unit filename="Lista.cpp" />
		<Unit filename="Lista.h" />
		<Unit filename="OVNI.cpp" />
		<Unit filename="OVNI.h" />
		<Unit filename="ObjectsList.cpp" />
		<Unit filename="ObjectsList.h" />
		<Unit filename="Shape.cpp" />
		<Unit filename="Shape.h" />
		<Unit filename="Ship.cpp" />
		<Unit filename="Ship.h" />
		<Unit filename="commonstuff.h" />
		<Unit filename="mainSI.cpp" />
		<Unit filename="nodo.h" />
		<Extensions>
			<lib_finder disable_auto="1" />
		</Extensions>
	</Project>
</CodeBlocks_project_file>
